
Microsoft Visual Studio Solution File, Format Version 12.00
# Visual Studio Version 17
VisualStudioVersion = 17.8.34309.116
MinimumVisualStudioVersion = 10.0.40219.1
Project("{FAE04EC0-301F-11D3-BF4B-00C04F79EFBC}") = "HomeWork09122023", "HomeWork09122023\HomeWork09122023.csproj", "{05967E17-F25F-48B3-96EC-ECFA302D89D9}"
EndProject
Project("{FAE04EC0-301F-11D3-BF4B-00C04F79EFBC}") = "HomeWork09122023.Domain", "HomeWork09122023.Domain\HomeWork09122023.Domain.csproj", "{1AA38453-6706-490F-99FB-7BB0A28DD965}"
EndProject
Global
	GlobalSection(SolutionConfigurationPlatforms) = preSolution
		Debug|Any CPU = Debug|Any CPU
		Release|Any CPU = Release|Any CPU
	EndGlobalSection
	GlobalSection(ProjectConfigurationPlatforms) = postSolution
		{05967E17-F25F-48B3-96EC-ECFA302D89D9}.Debug|Any CPU.ActiveCfg = Debug|Any CPU
		{05967E17-F25F-48B3-96EC-ECFA302D89D9}.Debug|Any CPU.Build.0 = Debug|Any CPU
		{05967E17-F25F-48B3-96EC-ECFA302D89D9}.Release|Any CPU.ActiveCfg = Release|Any CPU
		{05967E17-F25F-48B3-96EC-ECFA302D89D9}.Release|Any CPU.Build.0 = Release|Any CPU
		{1AA38453-6706-490F-99FB-7BB0A28DD965}.Debug|Any CPU.ActiveCfg = Debug|Any CPU
		{1AA38453-6706-490F-99FB-7BB0A28DD965}.Debug|Any CPU.Build.0 = Debug|Any CPU
		{1AA38453-6706-490F-99FB-7BB0A28DD965}.Release|Any CPU.ActiveCfg = Release|Any CPU
		{1AA38453-6706-490F-99FB-7BB0A28DD965}.Release|Any CPU.Build.0 = Release|Any CPU
	EndGlobalSection
	GlobalSection(SolutionProperties) = preSolution
		HideSolutionNode = FALSE
	EndGlobalSection
	GlobalSection(ExtensibilityGlobals) = postSolution
		SolutionGuid = {A92D0E4C-D770-48C7-A6A9-65C8CF1DB44D}
	EndGlobalSection
EndGlobal
